<?xml version="1.0" encoding="utf-8"?>
<Project ToolsVersion="4.0" xmlns="http://schemas.microsoft.com/developer/msbuild/2003">
  <ItemGroup>
    <ClCompile Include="3rdparty\glad\gl.c">
      <Filter>3rdparty\glad</Filter>
    </ClCompile>
    <ClCompile Include="3rdparty\imgui\imgui.cpp">
      <Filter>3rdparty\imgui</Filter>
    </ClCompile>
    <ClCompile Include="3rdparty\imgui\imgui_draw.cpp">
      <Filter>3rdparty\imgui</Filter>
    </ClCompile>
    <ClCompile Include="3rdparty\imgui\imgui_impl_opengl3.cpp">
      <Filter>3rdparty\imgui</Filter>
    </ClCompile>
    <ClCompile Include="3rdparty\imgui\imgui_impl_sdl3.cpp">
      <Filter>3rdparty\imgui</Filter>
    </ClCompile>
    <ClCompile Include="3rdparty\imgui\imgui_stdlib.cpp">
      <Filter>3rdparty\imgui</Filter>
    </ClCompile>
    <ClCompile Include="3rdparty\imgui\imgui_tables.cpp">
      <Filter>3rdparty\imgui</Filter>
    </ClCompile>
    <ClCompile Include="3rdparty\imgui\imgui_widgets.cpp">
      <Filter>3rdparty\imgui</Filter>
    </ClCompile>
    <ClCompile Include="main.cpp" />
    <ClCompile Include="stdafx.cpp" />
    <ClCompile Include="3rdparty\tiny_obj_loader\tiny_obj_loader.cpp">
      <Filter>3rdparty\tiny_obj_loader</Filter>
    </ClCompile>
    <ClCompile Include="3rdparty\cgltf\cgltf.cpp">
      <Filter>3rdparty\cgltf</Filter>
    </ClCompile>
    <ClCompile Include="3rdparty\stb\stb.cpp">
      <Filter>3rdparty\stb</Filter>
    </ClCompile>
    <ClCompile Include="core\json_data_manager.cpp">
      <Filter>core</Filter>
    </ClCompile>
    <ClCompile Include="core\logger.cpp">
      <Filter>core</Filter>
    </ClCompile>
    <ClCompile Include="core\profiler.cpp">
      <Filter>core</Filter>
    </ClCompile>
    <ClCompile Include="engine\audio_system.cpp">
      <Filter>engine</Filter>
    </ClCompile>
    <ClCompile Include="engine\delta_time.cpp">
      <Filter>engine</Filter>
    </ClCompile>
    <ClCompile Include="engine\game_state.cpp">
      <Filter>engine</Filter>
    </ClCompile>
    <ClCompile Include="engine\gl_context.cpp">
      <Filter>engine</Filter>
    </ClCompile>
    <ClCompile Include="engine\input_manager.cpp">
      <Filter>engine</Filter>
    </ClCompile>
    <ClCompile Include="engine\resource_manager.cpp">
      <Filter>engine</Filter>
    </ClCompile>
    <ClCompile Include="engine\window.cpp">
      <Filter>engine</Filter>
    </ClCompile>
    <ClCompile Include="engine\renderer\framebuffer.cpp">
      <Filter>engine\renderer</Filter>
    </ClCompile>
    <ClCompile Include="engine\renderer\frustum.cpp">
      <Filter>engine\renderer</Filter>
    </ClCompile>
    <ClCompile Include="engine\renderer\material.cpp">
      <Filter>engine\renderer</Filter>
    </ClCompile>
    <ClCompile Include="engine\renderer\mesh.cpp">
      <Filter>engine\renderer</Filter>
    </ClCompile>
    <ClCompile Include="engine\renderer\renderer.cpp">
      <Filter>engine\renderer</Filter>
    </ClCompile>
    <ClCompile Include="engine\renderer\shader.cpp">
      <Filter>engine\renderer</Filter>
    </ClCompile>
    <ClCompile Include="engine\renderer\texture.cpp">
      <Filter>engine\renderer</Filter>
    </ClCompile>
    <ClCompile Include="engine\renderer\camera.cpp">
      <Filter>engine\renderer</Filter>
    </ClCompile>
    <ClCompile Include="engine\renderer\debug_renderer.cpp">
      <Filter>engine\renderer</Filter>
    </ClCompile>
    <ClCompile Include="game\game_app.cpp">
      <Filter>game</Filter>
    </ClCompile>
    <ClCompile Include="game\combat\dice.cpp">
      <Filter>game\combat</Filter>
    </ClCompile>
    <ClCompile Include="game\combat\inventory.cpp">
      <Filter>game\combat</Filter>
    </ClCompile>
    <ClCompile Include="game\combat\item_renderer.cpp">
      <Filter>game\combat</Filter>
    </ClCompile>
    <ClCompile Include="game\combat\monster_manager.cpp">
      <Filter>game\combat</Filter>
    </ClCompile>
    <ClCompile Include="game\combat\monster_renderer.cpp">
      <Filter>game\combat</Filter>
    </ClCompile>
    <ClCompile Include="game\combat\character.cpp">
      <Filter>game\combat</Filter>
    </ClCompile>
    <ClCompile Include="game\combat\combat_system.cpp">
      <Filter>game\combat</Filter>
    </ClCompile>
    <ClCompile Include="game\data\ability_manager.cpp">
      <Filter>game\data</Filter>
    </ClCompile>
    <ClCompile Include="game\data\class_manager.cpp">
      <Filter>game\data</Filter>
    </ClCompile>
    <ClCompile Include="game\data\experience_system.cpp">
      <Filter>game\data</Filter>
    </ClCompile>
    <ClCompile Include="game\data\item_factory.cpp">
      <Filter>game\data</Filter>
    </ClCompile>
    <ClCompile Include="game\data\item_stat_calculator.cpp">
      <Filter>game\data</Filter>
    </ClCompile>
    <ClCompile Include="game\data\material_generator.cpp">
      <Filter>game\data</Filter>
    </ClCompile>
    <ClCompile Include="game\data\monster_factory.cpp">
      <Filter>game\data</Filter>
    </ClCompile>
    <ClCompile Include="game\data\skill_manager.cpp">
      <Filter>game\data</Filter>
    </ClCompile>
    <ClCompile Include="game\data\spell_manager.cpp">
      <Filter>game\data</Filter>
    </ClCompile>
    <ClCompile Include="game\dungeon\dungeon.cpp">
      <Filter>game\dungeon</Filter>
    </ClCompile>
    <ClCompile Include="game\dungeon\dungeon_renderer.cpp">
      <Filter>game\dungeon</Filter>
    </ClCompile>
    <ClCompile Include="game\states\class_selection_state.cpp">
      <Filter>game\states</Filter>
    </ClCompile>
    <ClCompile Include="game\states\main_menu_state.cpp">
      <Filter>game\states</Filter>
    </ClCompile>
    <ClCompile Include="game\states\play_state.cpp">
      <Filter>game\states</Filter>
    </ClCompile>
    <ClCompile Include="game\states\settings_state.cpp">
      <Filter>game\states</Filter>
    </ClCompile>
    <ClCompile Include="game\ui\combat_log.cpp">
      <Filter>game\ui</Filter>
    </ClCompile>
  </ItemGroup>
  <ItemGroup>
    <ClInclude Include="3rdparty\glad\gl.h">
      <Filter>3rdparty\glad</Filter>
    </ClInclude>
    <ClInclude Include="3rdparty\imgui\imconfig.h">
      <Filter>3rdparty\imgui</Filter>
    </ClInclude>
    <ClInclude Include="3rdparty\imgui\imgui.h">
      <Filter>3rdparty\imgui</Filter>
    </ClInclude>
    <ClInclude Include="3rdparty\imgui\imgui_impl_opengl3.h">
      <Filter>3rdparty\imgui</Filter>
    </ClInclude>
    <ClInclude Include="3rdparty\imgui\imgui_impl_opengl3_loader.h">
      <Filter>3rdparty\imgui</Filter>
    </ClInclude>
    <ClInclude Include="3rdparty\imgui\imgui_impl_sdl3.h">
      <Filter>3rdparty\imgui</Filter>
    </ClInclude>
    <ClInclude Include="3rdparty\imgui\imgui_internal.h">
      <Filter>3rdparty\imgui</Filter>
    </ClInclude>
    <ClInclude Include="3rdparty\imgui\imgui_stdlib.h">
      <Filter>3rdparty\imgui</Filter>
    </ClInclude>
    <ClInclude Include="3rdparty\imgui\imstb_rectpack.h">
      <Filter>3rdparty\imgui</Filter>
    </ClInclude>
    <ClInclude Include="3rdparty\imgui\imstb_textedit.h">
      <Filter>3rdparty\imgui</Filter>
    </ClInclude>
    <ClInclude Include="3rdparty\imgui\imstb_truetype.h">
      <Filter>3rdparty\imgui</Filter>
    </ClInclude>
    <ClInclude Include="stdafx.h" />
    <ClInclude Include="3rdparty\tiny_obj_loader\tiny_obj_loader.h">
      <Filter>3rdparty\tiny_obj_loader</Filter>
    </ClInclude>
    <ClInclude Include="3rdparty\cgltf\cgltf.h">
      <Filter>3rdparty\cgltf</Filter>
    </ClInclude>
    <ClInclude Include="3rdparty\stb\stb_image.h">
      <Filter>3rdparty\stb</Filter>
    </ClInclude>
    <ClInclude Include="3rdparty\stb\stb_vorbis.h">
      <Filter>3rdparty\stb</Filter>
    </ClInclude>
    <ClInclude Include="core\aabb.h">
      <Filter>core</Filter>
    </ClInclude>
    <ClInclude Include="core\collision.h">
      <Filter>core</Filter>
    </ClInclude>
    <ClInclude Include="core\event_bus.h">
      <Filter>core</Filter>
    </ClInclude>
    <ClInclude Include="core\exception.h">
      <Filter>core</Filter>
    </ClInclude>
    <ClInclude Include="core\json_data_manager.h">
      <Filter>core</Filter>
    </ClInclude>
    <ClInclude Include="core\logger.h">
      <Filter>core</Filter>
    </ClInclude>
    <ClInclude Include="core\profiler.h">
      <Filter>core</Filter>
    </ClInclude>
    <ClInclude Include="core\scoped_sdl.h">
      <Filter>core</Filter>
    </ClInclude>
    <ClInclude Include="core\transform.h">
      <Filter>core</Filter>
    </ClInclude>
    <ClInclude Include="engine\audio_system.h">
      <Filter>engine</Filter>
    </ClInclude>
    <ClInclude Include="engine\delta_time.h">
      <Filter>engine</Filter>
    </ClInclude>
    <ClInclude Include="engine\game_state.h">
      <Filter>engine</Filter>
    </ClInclude>
    <ClInclude Include="engine\gl_context.h">
      <Filter>engine</Filter>
    </ClInclude>
    <ClInclude Include="engine\input_manager.h">
      <Filter>engine</Filter>
    </ClInclude>
    <ClInclude Include="engine\resource_manager.h">
      <Filter>engine</Filter>
    </ClInclude>
    <ClInclude Include="engine\window.h">
      <Filter>engine</Filter>
    </ClInclude>
    <ClInclude Include="engine\renderer\debug_renderer.h">
      <Filter>engine\renderer</Filter>
    </ClInclude>
    <ClInclude Include="engine\renderer\framebuffer.h">
      <Filter>engine\renderer</Filter>
    </ClInclude>
    <ClInclude Include="engine\renderer\frustum.h">
      <Filter>engine\renderer</Filter>
    </ClInclude>
    <ClInclude Include="engine\renderer\material.h">
      <Filter>engine\renderer</Filter>
    </ClInclude>
    <ClInclude Include="engine\renderer\mesh.h">
      <Filter>engine\renderer</Filter>
    </ClInclude>
    <ClInclude Include="engine\renderer\renderer.h">
      <Filter>engine\renderer</Filter>
    </ClInclude>
    <ClInclude Include="engine\renderer\shader.h">
      <Filter>engine\renderer</Filter>
    </ClInclude>
    <ClInclude Include="engine\renderer\shader_sources.h">
      <Filter>engine\renderer</Filter>
    </ClInclude>
    <ClInclude Include="engine\renderer\texture.h">
      <Filter>engine\renderer</Filter>
    </ClInclude>
    <ClInclude Include="engine\renderer\camera.h">
      <Filter>engine\renderer</Filter>
    </ClInclude>
    <ClInclude Include="game\direction.h">
      <Filter>game</Filter>
    </ClInclude>
    <ClInclude Include="game\game_app.h">
      <Filter>game</Filter>
    </ClInclude>
    <ClInclude Include="game\game_mode.h">
      <Filter>game</Filter>
    </ClInclude>
    <ClInclude Include="game\grid_position.h">
      <Filter>game</Filter>
    </ClInclude>
    <ClInclude Include="game\serialization.h">
      <Filter>game</Filter>
    </ClInclude>
    <ClInclude Include="game\combat\combat_system.h">
      <Filter>game\combat</Filter>
    </ClInclude>
    <ClInclude Include="game\combat\dice.h">
      <Filter>game\combat</Filter>
    </ClInclude>
    <ClInclude Include="game\combat\inventory.h">
      <Filter>game\combat</Filter>
    </ClInclude>
    <ClInclude Include="game\combat\item.h">
      <Filter>game\combat</Filter>
    </ClInclude>
    <ClInclude Include="game\combat\item_renderer.h">
      <Filter>game\combat</Filter>
    </ClInclude>
    <ClInclude Include="game\combat\monster.h">
      <Filter>game\combat</Filter>
    </ClInclude>
    <ClInclude Include="game\combat\monster_manager.h">
      <Filter>game\combat</Filter>
    </ClInclude>
    <ClInclude Include="game\combat\monster_renderer.h">
      <Filter>game\combat</Filter>
    </ClInclude>
    <ClInclude Include="game\combat\turn_queue.h">
      <Filter>game\combat</Filter>
    </ClInclude>
    <ClInclude Include="game\combat\action.h">
      <Filter>game\combat</Filter>
    </ClInclude>
    <ClInclude Include="game\combat\character.h">
      <Filter>game\combat</Filter>
    </ClInclude>
    <ClInclude Include="game\data\ability_manager.h">
      <Filter>game\data</Filter>
    </ClInclude>
    <ClInclude Include="game\data\class_manager.h">
      <Filter>game\data</Filter>
    </ClInclude>
    <ClInclude Include="game\data\experience_system.h">
      <Filter>game\data</Filter>
    </ClInclude>
    <ClInclude Include="game\data\item_factory.h">
      <Filter>game\data</Filter>
    </ClInclude>
    <ClInclude Include="game\data\item_stat_calculator.h">
      <Filter>game\data</Filter>
    </ClInclude>
    <ClInclude Include="game\data\material_generator.h">
      <Filter>game\data</Filter>
    </ClInclude>
    <ClInclude Include="game\data\monster_factory.h">
      <Filter>game\data</Filter>
    </ClInclude>
    <ClInclude Include="game\data\skill_manager.h">
      <Filter>game\data</Filter>
    </ClInclude>
    <ClInclude Include="game\data\spell_manager.h">
      <Filter>game\data</Filter>
    </ClInclude>
    <ClInclude Include="game\dungeon\chunk.h">
      <Filter>game\dungeon</Filter>
    </ClInclude>
    <ClInclude Include="game\dungeon\dungeon.h">
      <Filter>game\dungeon</Filter>
    </ClInclude>
    <ClInclude Include="game\dungeon\dungeon_renderer.h">
      <Filter>game\dungeon</Filter>
    </ClInclude>
    <ClInclude Include="game\dungeon\tile.h">
      <Filter>game\dungeon</Filter>
    </ClInclude>
    <ClInclude Include="game\states\class_selection_state.h">
      <Filter>game\states</Filter>
    </ClInclude>
    <ClInclude Include="game\states\main_menu_state.h">
      <Filter>game\states</Filter>
    </ClInclude>
    <ClInclude Include="game\states\play_state.h">
      <Filter>game\states</Filter>
    </ClInclude>
    <ClInclude Include="game\states\settings_state.h">
      <Filter>game\states</Filter>
    </ClInclude>
    <ClInclude Include="game\ui\combat_log.h">
      <Filter>game\ui</Filter>
    </ClInclude>
    <ClInclude Include="test\test_aabb.h">
      <Filter>test</Filter>
    </ClInclude>
    <ClInclude Include="test\test_all.h">
      <Filter>test</Filter>
    </ClInclude>
    <ClInclude Include="test\test_camera.h">
      <Filter>test</Filter>
    </ClInclude>
    <ClInclude Include="test\test_collision.h">
      <Filter>test</Filter>
    </ClInclude>
    <ClInclude Include="test\test_delta_time.h">
      <Filter>test</Filter>
    </ClInclude>
    <ClInclude Include="test\test_event_bus.h">
      <Filter>test</Filter>
    </ClInclude>
    <ClInclude Include="test\test_exception.h">
      <Filter>test</Filter>
    </ClInclude>
    <ClInclude Include="test\test_frustum.h">
      <Filter>test</Filter>
    </ClInclude>
    <ClInclude Include="test\test_game_state.h">
      <Filter>test</Filter>
    </ClInclude>
    <ClInclude Include="test\test_runner.h">
      <Filter>test</Filter>
    </ClInclude>
    <ClInclude Include="test\test_transform.h">
      <Filter>test</Filter>
    </ClInclude>
  </ItemGroup>
  <ItemGroup>
    <Filter Include="core">
      <UniqueIdentifier>{c500e3bd-c3dd-4d52-bdaf-695b6596884f}</UniqueIdentifier>
    </Filter>
    <Filter Include="engine">
      <UniqueIdentifier>{ad46a4ca-c253-4aff-8115-a7c3be390664}</UniqueIdentifier>
    </Filter>
    <Filter Include="engine\renderer">
      <UniqueIdentifier>{5a3066dc-c1bd-411c-9111-d5729e4982f3}</UniqueIdentifier>
    </Filter>
    <Filter Include="game">
      <UniqueIdentifier>{6075e8e9-cac0-4f23-99b0-e5f455bb248b}</UniqueIdentifier>
    </Filter>
    <Filter Include="game\states">
      <UniqueIdentifier>{662d7544-cfa9-4c5c-9e9f-25ba237fbe7c}</UniqueIdentifier>
    </Filter>
    <Filter Include="3rdparty">
      <UniqueIdentifier>{d51ce186-638f-4781-8ed6-5f3a01881238}</UniqueIdentifier>
    </Filter>
    <Filter Include="3rdparty\glad">
      <UniqueIdentifier>{64a348b3-a905-4718-85e9-de3dc809b6a1}</UniqueIdentifier>
    </Filter>
    <Filter Include="3rdparty\imgui">
      <UniqueIdentifier>{ed6c334a-6e8c-4bde-90a6-ddba22af93e4}</UniqueIdentifier>
    </Filter>
    <Filter Include="3rdparty\stb">
      <UniqueIdentifier>{9f8e7d6c-5b4a-3c2d-1f0e-8a7b6c5d4e3f}</UniqueIdentifier>
    </Filter>
    <Filter Include="3rdparty\tiny_obj_loader">
      <UniqueIdentifier>{ea012567-8d4d-47a1-93ab-8cb00a7b15e2}</UniqueIdentifier>
    </Filter>
    <Filter Include="3rdparty\cgltf">
      <UniqueIdentifier>{3c655b0e-e8a4-4296-9f9a-b83960028f9b}</UniqueIdentifier>
    </Filter>
    <Filter Include="game\combat">
      <UniqueIdentifier>{e296d607-181b-49da-9655-703e3372d57d}</UniqueIdentifier>
    </Filter>
    <Filter Include="game\dungeon">
      <UniqueIdentifier>{1b39ad45-5282-49a3-b31a-b47d0d37eba6}</UniqueIdentifier>
    </Filter>
    <Filter Include="game\ui">
      <UniqueIdentifier>{e62a38a6-c234-4052-8530-7e5f66597ac5}</UniqueIdentifier>
    </Filter>
    <Filter Include="game\data">
      <UniqueIdentifier>{0288dd17-9bd7-4dfe-8c25-c96bd92b0980}</UniqueIdentifier>
    </Filter>
    <Filter Include="test">
      <UniqueIdentifier>{feb6634a-58bb-4580-b606-64cf57837580}</UniqueIdentifier>
    </Filter>
  </ItemGroup>
</Project>